
Microsoft Visual Studio Solution File, Format Version 12.00
# Visual Studio Version 16
VisualStudioVersion = 25.0.1703.5
MinimumVisualStudioVersion = 10.0.40219.1
Project("{FAE04EC0-301F-11D3-BF4B-00C04F79EFBC}") = "gitSharp", "gitSharp\gitSharp.csproj", "{0E3B9D40-C46E-4704-A9DD-0735949341DD}"
EndProject
Global
	GlobalSection(SolutionConfigurationPlatforms) = preSolution
		Debug|Any CPU = Debug|Any CPU
		Release|Any CPU = Release|Any CPU
	EndGlobalSection
	GlobalSection(ProjectConfigurationPlatforms) = postSolution
		{0E3B9D40-C46E-4704-A9DD-0735949341DD}.Debug|Any CPU.ActiveCfg = Debug|Any CPU
		{0E3B9D40-C46E-4704-A9DD-0735949341DD}.Debug|Any CPU.Build.0 = Debug|Any CPU
		{0E3B9D40-C46E-4704-A9DD-0735949341DD}.Release|Any CPU.ActiveCfg = Release|Any CPU
		{0E3B9D40-C46E-4704-A9DD-0735949341DD}.Release|Any CPU.Build.0 = Release|Any CPU
	EndGlobalSection
	GlobalSection(SolutionProperties) = preSolution
		HideSolutionNode = FALSE
	EndGlobalSection
	GlobalSection(ExtensibilityGlobals) = postSolution
		SolutionGuid = {E2C1E49C-0F04-4577-A902-419C8BF492FF}
	EndGlobalSection
EndGlobal
